
Microsoft Visual Studio Solution File, Format Version 12.00
# Visual Studio Version 17
VisualStudioVersion = 17.8.34511.84
MinimumVisualStudioVersion = 10.0.40219.1
Project("{9A19103F-16F7-4668-BE54-9A1E7A4F7556}") = "CineQuebec.Windows", "CineQuebec.Windows\CineQuebec.Windows.csproj", "{D539ED09-DF5B-45DF-B781-247A0FB86B74}"
EndProject
Project("{FAE04EC0-301F-11D3-BF4B-00C04F79EFBC}") = "CineQuebec.Domain", "CineQuebec.Domain\CineQuebec.Domain.csproj", "{CC9BDDB2-3A05-49E8-90F8-A4B4E0FBBDA4}"
EndProject
Project("{FAE04EC0-301F-11D3-BF4B-00C04F79EFBC}") = "CineQuebec.Infrastructure", "CineQuebec.Infrastructure\CineQuebec.Infrastructure.csproj", "{0452AF85-349D-4E6C-B38D-25F12191FA97}"
EndProject
Project("{FAE04EC0-301F-11D3-BF4B-00C04F79EFBC}") = "CineQuebec.Persistence", "CineQuebec.Persistence\CineQuebec.Persistence.csproj", "{543E782E-C795-40CA-AD25-39EA7A05D5B9}"
EndProject
Project("{FAE04EC0-301F-11D3-BF4B-00C04F79EFBC}") = "CineQuebec.Application", "CineQuebec.Application\CineQuebec.Application.csproj", "{30D10CE4-135F-4958-9349-94D035476E7D}"
EndProject
Global
	GlobalSection(SolutionConfigurationPlatforms) = preSolution
		Debug|Any CPU = Debug|Any CPU
		Release|Any CPU = Release|Any CPU
	EndGlobalSection
	GlobalSection(ProjectConfigurationPlatforms) = postSolution
		{D539ED09-DF5B-45DF-B781-247A0FB86B74}.Debug|Any CPU.ActiveCfg = Debug|Any CPU
		{D539ED09-DF5B-45DF-B781-247A0FB86B74}.Debug|Any CPU.Build.0 = Debug|Any CPU
		{D539ED09-DF5B-45DF-B781-247A0FB86B74}.Release|Any CPU.ActiveCfg = Release|Any CPU
		{D539ED09-DF5B-45DF-B781-247A0FB86B74}.Release|Any CPU.Build.0 = Release|Any CPU
		{CC9BDDB2-3A05-49E8-90F8-A4B4E0FBBDA4}.Debug|Any CPU.ActiveCfg = Debug|Any CPU
		{CC9BDDB2-3A05-49E8-90F8-A4B4E0FBBDA4}.Debug|Any CPU.Build.0 = Debug|Any CPU
		{CC9BDDB2-3A05-49E8-90F8-A4B4E0FBBDA4}.Release|Any CPU.ActiveCfg = Release|Any CPU
		{CC9BDDB2-3A05-49E8-90F8-A4B4E0FBBDA4}.Release|Any CPU.Build.0 = Release|Any CPU
		{0452AF85-349D-4E6C-B38D-25F12191FA97}.Debug|Any CPU.ActiveCfg = Debug|Any CPU
		{0452AF85-349D-4E6C-B38D-25F12191FA97}.Debug|Any CPU.Build.0 = Debug|Any CPU
		{0452AF85-349D-4E6C-B38D-25F12191FA97}.Release|Any CPU.ActiveCfg = Release|Any CPU
		{0452AF85-349D-4E6C-B38D-25F12191FA97}.Release|Any CPU.Build.0 = Release|Any CPU
		{543E782E-C795-40CA-AD25-39EA7A05D5B9}.Debug|Any CPU.ActiveCfg = Debug|Any CPU
		{543E782E-C795-40CA-AD25-39EA7A05D5B9}.Debug|Any CPU.Build.0 = Debug|Any CPU
		{543E782E-C795-40CA-AD25-39EA7A05D5B9}.Release|Any CPU.ActiveCfg = Release|Any CPU
		{543E782E-C795-40CA-AD25-39EA7A05D5B9}.Release|Any CPU.Build.0 = Release|Any CPU
		{30D10CE4-135F-4958-9349-94D035476E7D}.Debug|Any CPU.ActiveCfg = Debug|Any CPU
		{30D10CE4-135F-4958-9349-94D035476E7D}.Debug|Any CPU.Build.0 = Debug|Any CPU
		{30D10CE4-135F-4958-9349-94D035476E7D}.Release|Any CPU.ActiveCfg = Release|Any CPU
		{30D10CE4-135F-4958-9349-94D035476E7D}.Release|Any CPU.Build.0 = Release|Any CPU
	EndGlobalSection
	GlobalSection(SolutionProperties) = preSolution
		HideSolutionNode = FALSE
	EndGlobalSection
	GlobalSection(ExtensibilityGlobals) = postSolution
		SolutionGuid = {C52FB3C3-F7DC-49E7-859D-331517CE7486}
	EndGlobalSection
EndGlobal
